{
  "name": "@bify/demo-store",
  "version": "0.1.0",
  "lockfileVersion": 3,
  "requires": true,
  "packages": {
    "": {
      "name": "@bify/demo-store",
      "version": "0.1.0",
      "dependencies": {
        "@bify/commerce-widget": "0.1.0-rc.13",
        "@bify/sdk": "0.1.0-rc.13"
      },
      "engines": {
        "node": ">=18"
      }
    },
    "node_modules/@bify/commerce-widget": {
      "version": "0.1.0-rc.13",
      "resolved": "https://registry.npmjs.org/@bify/commerce-widget/-/commerce-widget-0.1.0-rc.13.tgz",
      "integrity": "sha512-cnwFYXw7PrK5/lLUiJj6Md5lD8IjI62FKRDZF/jImn7ms2GYbPSoitbLHzJLZr9bhoFfNivZ6h4NB20M/MuxqQ==",
      "license": "Apache-2.0",
      "engines": {
        "node": ">=18"
      }
    },
    "node_modules/@bify/sdk": {
      "version": "0.1.0-rc.13",
      "resolved": "https://registry.npmjs.org/@bify/sdk/-/sdk-0.1.0-rc.13.tgz",
      "integrity": "sha512-Jk402/+VL7rqVbYZ+Q9e9lzMatK2qSU/UqCNjugLtjNX+GAyMQXKzeHU6aGKdS051fugqK9r6T2qxGhvQGqGhA==",
      "license": "Apache-2.0",
      "engines": {
        "node": ">=18"
      }
    }
  }
}
