{
  "name": "@bify/demo-store",
  "version": "0.1.0",
  "lockfileVersion": 3,
  "requires": true,
  "packages": {
    "": {
      "name": "@bify/demo-store",
      "version": "0.1.0",
      "dependencies": {
        "@bify/commerce-widget": "0.1.0-rc.11",
        "@bify/sdk": "0.1.0-rc.12"
      },
      "engines": {
        "node": ">=18"
      }
    },
    "node_modules/@bify/commerce-widget": {
      "version": "0.1.0-rc.11",
      "resolved": "https://registry.npmjs.org/@bify/commerce-widget/-/commerce-widget-0.1.0-rc.11.tgz",
      "integrity": "sha512-y6CC29jIUwNP3MHp8kA4ZKv2r7ujED+Y38IcS2XjegJPW8QmtJ/7AmwjnhDzag4TTHsaVVtK1S2RTD0I/wNb0Q==",
      "license": "Apache-2.0",
      "engines": {
        "node": ">=18"
      }
    },
    "node_modules/@bify/sdk": {
      "version": "0.1.0-rc.12",
      "resolved": "https://registry.npmjs.org/@bify/sdk/-/sdk-0.1.0-rc.12.tgz",
      "integrity": "sha512-HX7et4M+bSVEQkowtKhTHOTG1t1rtu4kI0rHUlwr4zBC2QP+jMRnbw+Qy6qbf9LHsGFlaY/l/FQLD2FZh1ue4Q==",
      "license": "Apache-2.0",
      "engines": {
        "node": ">=18"
      }
    }
  }
}
