{
  "name": "@bify/demo-store",
  "version": "0.1.0",
  "lockfileVersion": 3,
  "requires": true,
  "packages": {
    "": {
      "name": "@bify/demo-store",
      "version": "0.1.0",
      "dependencies": {
        "@bify/commerce-widget": "0.1.0-rc.10",
        "@bify/sdk": "0.1.0-rc.11"
      },
      "engines": {
        "node": ">=18"
      }
    },
    "node_modules/@bify/commerce-widget": {
      "version": "0.1.0-rc.10",
      "resolved": "https://registry.npmjs.org/@bify/commerce-widget/-/commerce-widget-0.1.0-rc.10.tgz",
      "integrity": "sha512-/pR+UDvdmVHB/OXmGNNbQA2HrRlJvBDK+QL6dpcg8ZsOmmVBjARt/1odS+6mT+w6iYLZsX3jbL2Jr676/mF1gg==",
      "license": "Apache-2.0",
      "engines": {
        "node": ">=18"
      }
    },
    "node_modules/@bify/sdk": {
      "version": "0.1.0-rc.11",
      "resolved": "https://registry.npmjs.org/@bify/sdk/-/sdk-0.1.0-rc.11.tgz",
      "integrity": "sha512-gv29cGBfJJSeNeqC8R51GYgtBe2zPz8K8im45xeIK6aithCc/TKgN52cynocyS8ftqMHvV3FiJNA0rFUrfG3bA==",
      "license": "Apache-2.0",
      "engines": {
        "node": ">=18"
      }
    }
  }
}
